
Microsoft Visual Studio Solution File, Format Version 12.00
# Visual Studio Version 16
VisualStudioVersion = 16.0.33927.289
MinimumVisualStudioVersion = 10.0.40219.1
Project("{2150E333-8FDC-42A3-9474-1A3956D46DE8}") = "AFI.Feature", "AFI.Feature", "{818EEC49-F993-49C2-9173-BAC402CC4088}"
EndProject
Project("{2150E333-8FDC-42A3-9474-1A3956D46DE8}") = "AFI.Foundation", "AFI.Foundation", "{5A6B7F93-E858-430C-9E3F-CF4BC87F1894}"
EndProject
Project("{2150E333-8FDC-42A3-9474-1A3956D46DE8}") = "AFI.Project", "AFI.Project", "{04B238F8-978C-435B-BD0F-A1008602F1C5}"
EndProject
Project("{2150E333-8FDC-42A3-9474-1A3956D46DE8}") = "VinLookup", "VinLookup", "{E3BA3EF3-1072-4AC2-8C9F-2F18D38EDBFB}"
EndProject
Project("{2150E333-8FDC-42A3-9474-1A3956D46DE8}") = "WebQuoteService", "WebQuoteService", "{2A62B76B-8384-40EA-A401-BC8D31E131BA}"
EndProject
Project("{2150E333-8FDC-42A3-9474-1A3956D46DE8}") = "ZipLookup", "ZipLookup", "{ABD87AB6-D9F0-46BA-AC06-7FC3A13E4E25}"
EndProject
Project("{2150E333-8FDC-42A3-9474-1A3956D46DE8}") = "Identifiers", "Identifiers", "{6F5C6BAF-0E76-411D-AD29-ACE720DE06B7}"
EndProject
Project("{2150E333-8FDC-42A3-9474-1A3956D46DE8}") = "Modules", "Modules", "{56B54846-2B42-4664-8467-4357A6537F2B}"
EndProject
Project("{2150E333-8FDC-42A3-9474-1A3956D46DE8}") = "NewsLetter", "NewsLetter", "{FC7D9B62-63C4-49BE-8B58-F732497FC6D9}"
EndProject
Project("{2150E333-8FDC-42A3-9474-1A3956D46DE8}") = "Helper", "Helper", "{1FB20E36-8D34-4587-B145-1722A2BC8DF4}"
EndProject
Project("{2150E333-8FDC-42A3-9474-1A3956D46DE8}") = "Web", "Web", "{26D603AF-EC6B-4B9C-8F76-8C63138B6A7C}"
EndProject
Project("{2150E333-8FDC-42A3-9474-1A3956D46DE8}") = "Quote", "Quote", "{A4424E4E-8076-4166-AA04-690C9C49EF6F}"
EndProject
Project("{2150E333-8FDC-42A3-9474-1A3956D46DE8}") = "Article", "Article", "{2CB90030-C276-4915-9653-93F8AEC0606A}"
EndProject
Project("{2150E333-8FDC-42A3-9474-1A3956D46DE8}") = "PressRelease", "PressRelease", "{8F3A0E0E-C905-44C6-9770-EF9A9D8D2FD8}"
EndProject
Project("{2150E333-8FDC-42A3-9474-1A3956D46DE8}") = "SitecoreSend", "SitecoreSend", "{8B9259C9-F9EB-4E0E-AA25-8A9C27F1A510}"
EndProject
Project("{2150E333-8FDC-42A3-9474-1A3956D46DE8}") = "Data", "Data", "{8A5196F0-F4C9-48C4-926F-4096D1A260B5}"
EndProject
Project("{FAE04EC0-301F-11D3-BF4B-00C04F79EFBC}") = "Article", "AFI.Feature\Article\code\Article.csproj", "{89B431BD-E67D-4C78-ADA7-1820F7684E3F}"
EndProject
Project("{FAE04EC0-301F-11D3-BF4B-00C04F79EFBC}") = "ZipLookup", "AFI.Feature\ZipLookup\code\ZipLookup.csproj", "{B9425E2C-BB6E-4D6B-BC35-AD6D615BB6C0}"
EndProject
Project("{FAE04EC0-301F-11D3-BF4B-00C04F79EFBC}") = "WebQuoteService", "AFI.Feature\WebQuoteService\code\WebQuoteService.csproj", "{CD49BC2D-DAB8-4C1C-8BAF-12C06138BB97}"
EndProject
Project("{FAE04EC0-301F-11D3-BF4B-00C04F79EFBC}") = "VinLookup", "AFI.Feature\VinLookup\code\VinLookup.csproj", "{D22C4CE8-DC45-4EAE-85C0-F05E415B8468}"
EndProject
Project("{FAE04EC0-301F-11D3-BF4B-00C04F79EFBC}") = "SitecoreSend", "AFI.Feature\SitecoreSend\code\SitecoreSend.csproj", "{3207222A-A751-47AB-B356-E202FB3EB923}"
EndProject
Project("{FAE04EC0-301F-11D3-BF4B-00C04F79EFBC}") = "Quote", "AFI.Feature\Quote\code\Quote.csproj", "{31560058-F6CC-40A7-820F-F739B57E6CEE}"
EndProject
Project("{FAE04EC0-301F-11D3-BF4B-00C04F79EFBC}") = "PressRelease", "AFI.Feature\PressRelease\code\PressRelease.csproj", "{EFC265AC-9162-4B30-BDCD-C9253DCCAB58}"
EndProject
Project("{FAE04EC0-301F-11D3-BF4B-00C04F79EFBC}") = "NewsLetter", "AFI.Feature\NewsLetter\code\NewsLetter.csproj", "{FFF913DA-1FDB-4817-95DC-33AFB8526358}"
EndProject
Project("{FAE04EC0-301F-11D3-BF4B-00C04F79EFBC}") = "Modules", "AFI.Feature\Modules\code\Modules.csproj", "{89E5D292-B856-422B-A551-E2EC9B89D886}"
EndProject
Project("{FAE04EC0-301F-11D3-BF4B-00C04F79EFBC}") = "Identifiers", "AFI.Feature\Identifiers\code\Identifiers.csproj", "{F0F1891B-5D7C-4D01-8AE1-C16610FAE462}"
EndProject
Project("{FAE04EC0-301F-11D3-BF4B-00C04F79EFBC}") = "Web", "AFI.Project\Web\code\Web.csproj", "{17AF7E75-8EFA-4DD4-BB18-0F2D42DCCF9B}"
EndProject
Project("{FAE04EC0-301F-11D3-BF4B-00C04F79EFBC}") = "Helper", "AFI.Foundation\Helper\code\Helper.csproj", "{41E4239A-C9EB-47E1-835D-C2273E3B4658}"
EndProject
Project("{2150E333-8FDC-42A3-9474-1A3956D46DE8}") = "QuoteForm", "QuoteForm", "{C1DD8945-028C-468D-A1BB-F6B27D385A60}"
EndProject
Project("{FAE04EC0-301F-11D3-BF4B-00C04F79EFBC}") = "QuoteForm", "AFI.Feature\QuoteForm\code\QuoteForm.csproj", "{FCCC2605-08F9-4EF5-9AC4-852B5C68F2DB}"
EndProject
Project("{2150E333-8FDC-42A3-9474-1A3956D46DE8}") = "Suspect", "Suspect", "{FEEBC4B2-5E6E-4D45-85B6-52D32B257C44}"
EndProject
Project("{FAE04EC0-301F-11D3-BF4B-00C04F79EFBC}") = "Prospect", "AFI.Feature\Prospect\code\Prospect.csproj", "{73265088-169F-4E5A-B68A-31C7E5F7FF90}"
EndProject
Project("{FAE04EC0-301F-11D3-BF4B-00C04F79EFBC}") = "Data", "AFI.Feature\Data\code\Data.csproj", "{40420442-B258-4B2D-BAE3-FB4E223D69C0}"
EndProject
Global
	GlobalSection(SolutionConfigurationPlatforms) = preSolution
		Debug|Any CPU = Debug|Any CPU
		Release|Any CPU = Release|Any CPU
	EndGlobalSection
	GlobalSection(ProjectConfigurationPlatforms) = postSolution
		{89B431BD-E67D-4C78-ADA7-1820F7684E3F}.Debug|Any CPU.ActiveCfg = Debug|Any CPU
		{89B431BD-E67D-4C78-ADA7-1820F7684E3F}.Debug|Any CPU.Build.0 = Debug|Any CPU
		{89B431BD-E67D-4C78-ADA7-1820F7684E3F}.Release|Any CPU.ActiveCfg = Release|Any CPU
		{89B431BD-E67D-4C78-ADA7-1820F7684E3F}.Release|Any CPU.Build.0 = Release|Any CPU
		{B9425E2C-BB6E-4D6B-BC35-AD6D615BB6C0}.Debug|Any CPU.ActiveCfg = Debug|Any CPU
		{B9425E2C-BB6E-4D6B-BC35-AD6D615BB6C0}.Debug|Any CPU.Build.0 = Debug|Any CPU
		{B9425E2C-BB6E-4D6B-BC35-AD6D615BB6C0}.Release|Any CPU.ActiveCfg = Release|Any CPU
		{B9425E2C-BB6E-4D6B-BC35-AD6D615BB6C0}.Release|Any CPU.Build.0 = Release|Any CPU
		{CD49BC2D-DAB8-4C1C-8BAF-12C06138BB97}.Debug|Any CPU.ActiveCfg = Debug|Any CPU
		{CD49BC2D-DAB8-4C1C-8BAF-12C06138BB97}.Debug|Any CPU.Build.0 = Debug|Any CPU
		{CD49BC2D-DAB8-4C1C-8BAF-12C06138BB97}.Release|Any CPU.ActiveCfg = Release|Any CPU
		{CD49BC2D-DAB8-4C1C-8BAF-12C06138BB97}.Release|Any CPU.Build.0 = Release|Any CPU
		{D22C4CE8-DC45-4EAE-85C0-F05E415B8468}.Debug|Any CPU.ActiveCfg = Debug|Any CPU
		{D22C4CE8-DC45-4EAE-85C0-F05E415B8468}.Debug|Any CPU.Build.0 = Debug|Any CPU
		{D22C4CE8-DC45-4EAE-85C0-F05E415B8468}.Release|Any CPU.ActiveCfg = Release|Any CPU
		{D22C4CE8-DC45-4EAE-85C0-F05E415B8468}.Release|Any CPU.Build.0 = Release|Any CPU
		{3207222A-A751-47AB-B356-E202FB3EB923}.Debug|Any CPU.ActiveCfg = Debug|Any CPU
		{3207222A-A751-47AB-B356-E202FB3EB923}.Debug|Any CPU.Build.0 = Debug|Any CPU
		{3207222A-A751-47AB-B356-E202FB3EB923}.Release|Any CPU.ActiveCfg = Release|Any CPU
		{3207222A-A751-47AB-B356-E202FB3EB923}.Release|Any CPU.Build.0 = Release|Any CPU
		{31560058-F6CC-40A7-820F-F739B57E6CEE}.Debug|Any CPU.ActiveCfg = Debug|Any CPU
		{31560058-F6CC-40A7-820F-F739B57E6CEE}.Debug|Any CPU.Build.0 = Debug|Any CPU
		{31560058-F6CC-40A7-820F-F739B57E6CEE}.Release|Any CPU.ActiveCfg = Release|Any CPU
		{31560058-F6CC-40A7-820F-F739B57E6CEE}.Release|Any CPU.Build.0 = Release|Any CPU
		{EFC265AC-9162-4B30-BDCD-C9253DCCAB58}.Debug|Any CPU.ActiveCfg = Debug|Any CPU
		{EFC265AC-9162-4B30-BDCD-C9253DCCAB58}.Debug|Any CPU.Build.0 = Debug|Any CPU
		{EFC265AC-9162-4B30-BDCD-C9253DCCAB58}.Release|Any CPU.ActiveCfg = Release|Any CPU
		{EFC265AC-9162-4B30-BDCD-C9253DCCAB58}.Release|Any CPU.Build.0 = Release|Any CPU
		{FFF913DA-1FDB-4817-95DC-33AFB8526358}.Debug|Any CPU.ActiveCfg = Debug|Any CPU
		{FFF913DA-1FDB-4817-95DC-33AFB8526358}.Debug|Any CPU.Build.0 = Debug|Any CPU
		{FFF913DA-1FDB-4817-95DC-33AFB8526358}.Release|Any CPU.ActiveCfg = Release|Any CPU
		{FFF913DA-1FDB-4817-95DC-33AFB8526358}.Release|Any CPU.Build.0 = Release|Any CPU
		{89E5D292-B856-422B-A551-E2EC9B89D886}.Debug|Any CPU.ActiveCfg = Debug|Any CPU
		{89E5D292-B856-422B-A551-E2EC9B89D886}.Debug|Any CPU.Build.0 = Debug|Any CPU
		{89E5D292-B856-422B-A551-E2EC9B89D886}.Release|Any CPU.ActiveCfg = Release|Any CPU
		{89E5D292-B856-422B-A551-E2EC9B89D886}.Release|Any CPU.Build.0 = Release|Any CPU
		{F0F1891B-5D7C-4D01-8AE1-C16610FAE462}.Debug|Any CPU.ActiveCfg = Debug|Any CPU
		{F0F1891B-5D7C-4D01-8AE1-C16610FAE462}.Debug|Any CPU.Build.0 = Debug|Any CPU
		{F0F1891B-5D7C-4D01-8AE1-C16610FAE462}.Release|Any CPU.ActiveCfg = Release|Any CPU
		{F0F1891B-5D7C-4D01-8AE1-C16610FAE462}.Release|Any CPU.Build.0 = Release|Any CPU
		{17AF7E75-8EFA-4DD4-BB18-0F2D42DCCF9B}.Debug|Any CPU.ActiveCfg = Debug|Any CPU
		{17AF7E75-8EFA-4DD4-BB18-0F2D42DCCF9B}.Debug|Any CPU.Build.0 = Debug|Any CPU
		{17AF7E75-8EFA-4DD4-BB18-0F2D42DCCF9B}.Release|Any CPU.ActiveCfg = Release|Any CPU
		{17AF7E75-8EFA-4DD4-BB18-0F2D42DCCF9B}.Release|Any CPU.Build.0 = Release|Any CPU
		{41E4239A-C9EB-47E1-835D-C2273E3B4658}.Debug|Any CPU.ActiveCfg = Debug|Any CPU
		{41E4239A-C9EB-47E1-835D-C2273E3B4658}.Debug|Any CPU.Build.0 = Debug|Any CPU
		{41E4239A-C9EB-47E1-835D-C2273E3B4658}.Release|Any CPU.ActiveCfg = Release|Any CPU
		{41E4239A-C9EB-47E1-835D-C2273E3B4658}.Release|Any CPU.Build.0 = Release|Any CPU
		{FCCC2605-08F9-4EF5-9AC4-852B5C68F2DB}.Debug|Any CPU.ActiveCfg = Debug|Any CPU
		{FCCC2605-08F9-4EF5-9AC4-852B5C68F2DB}.Debug|Any CPU.Build.0 = Debug|Any CPU
		{FCCC2605-08F9-4EF5-9AC4-852B5C68F2DB}.Release|Any CPU.ActiveCfg = Release|Any CPU
		{FCCC2605-08F9-4EF5-9AC4-852B5C68F2DB}.Release|Any CPU.Build.0 = Release|Any CPU
		{73265088-169F-4E5A-B68A-31C7E5F7FF90}.Debug|Any CPU.ActiveCfg = Debug|Any CPU
		{73265088-169F-4E5A-B68A-31C7E5F7FF90}.Debug|Any CPU.Build.0 = Debug|Any CPU
		{73265088-169F-4E5A-B68A-31C7E5F7FF90}.Release|Any CPU.ActiveCfg = Release|Any CPU
		{73265088-169F-4E5A-B68A-31C7E5F7FF90}.Release|Any CPU.Build.0 = Release|Any CPU
		{40420442-B258-4B2D-BAE3-FB4E223D69C0}.Debug|Any CPU.ActiveCfg = Debug|Any CPU
		{40420442-B258-4B2D-BAE3-FB4E223D69C0}.Debug|Any CPU.Build.0 = Debug|Any CPU
		{40420442-B258-4B2D-BAE3-FB4E223D69C0}.Release|Any CPU.ActiveCfg = Release|Any CPU
		{40420442-B258-4B2D-BAE3-FB4E223D69C0}.Release|Any CPU.Build.0 = Release|Any CPU
	EndGlobalSection
	GlobalSection(SolutionProperties) = preSolution
		HideSolutionNode = FALSE
	EndGlobalSection
	GlobalSection(NestedProjects) = preSolution
		{E3BA3EF3-1072-4AC2-8C9F-2F18D38EDBFB} = {818EEC49-F993-49C2-9173-BAC402CC4088}
		{2A62B76B-8384-40EA-A401-BC8D31E131BA} = {818EEC49-F993-49C2-9173-BAC402CC4088}
		{ABD87AB6-D9F0-46BA-AC06-7FC3A13E4E25} = {818EEC49-F993-49C2-9173-BAC402CC4088}
		{6F5C6BAF-0E76-411D-AD29-ACE720DE06B7} = {818EEC49-F993-49C2-9173-BAC402CC4088}
		{56B54846-2B42-4664-8467-4357A6537F2B} = {818EEC49-F993-49C2-9173-BAC402CC4088}
		{FC7D9B62-63C4-49BE-8B58-F732497FC6D9} = {818EEC49-F993-49C2-9173-BAC402CC4088}
		{1FB20E36-8D34-4587-B145-1722A2BC8DF4} = {5A6B7F93-E858-430C-9E3F-CF4BC87F1894}
		{26D603AF-EC6B-4B9C-8F76-8C63138B6A7C} = {04B238F8-978C-435B-BD0F-A1008602F1C5}
		{A4424E4E-8076-4166-AA04-690C9C49EF6F} = {818EEC49-F993-49C2-9173-BAC402CC4088}
		{2CB90030-C276-4915-9653-93F8AEC0606A} = {818EEC49-F993-49C2-9173-BAC402CC4088}
		{8F3A0E0E-C905-44C6-9770-EF9A9D8D2FD8} = {818EEC49-F993-49C2-9173-BAC402CC4088}
		{8B9259C9-F9EB-4E0E-AA25-8A9C27F1A510} = {818EEC49-F993-49C2-9173-BAC402CC4088}
		{8A5196F0-F4C9-48C4-926F-4096D1A260B5} = {818EEC49-F993-49C2-9173-BAC402CC4088}
		{89B431BD-E67D-4C78-ADA7-1820F7684E3F} = {2CB90030-C276-4915-9653-93F8AEC0606A}
		{B9425E2C-BB6E-4D6B-BC35-AD6D615BB6C0} = {ABD87AB6-D9F0-46BA-AC06-7FC3A13E4E25}
		{CD49BC2D-DAB8-4C1C-8BAF-12C06138BB97} = {2A62B76B-8384-40EA-A401-BC8D31E131BA}
		{D22C4CE8-DC45-4EAE-85C0-F05E415B8468} = {E3BA3EF3-1072-4AC2-8C9F-2F18D38EDBFB}
		{3207222A-A751-47AB-B356-E202FB3EB923} = {8B9259C9-F9EB-4E0E-AA25-8A9C27F1A510}
		{31560058-F6CC-40A7-820F-F739B57E6CEE} = {A4424E4E-8076-4166-AA04-690C9C49EF6F}
		{EFC265AC-9162-4B30-BDCD-C9253DCCAB58} = {8F3A0E0E-C905-44C6-9770-EF9A9D8D2FD8}
		{FFF913DA-1FDB-4817-95DC-33AFB8526358} = {FC7D9B62-63C4-49BE-8B58-F732497FC6D9}
		{89E5D292-B856-422B-A551-E2EC9B89D886} = {56B54846-2B42-4664-8467-4357A6537F2B}
		{F0F1891B-5D7C-4D01-8AE1-C16610FAE462} = {6F5C6BAF-0E76-411D-AD29-ACE720DE06B7}
		{17AF7E75-8EFA-4DD4-BB18-0F2D42DCCF9B} = {26D603AF-EC6B-4B9C-8F76-8C63138B6A7C}
		{41E4239A-C9EB-47E1-835D-C2273E3B4658} = {1FB20E36-8D34-4587-B145-1722A2BC8DF4}
		{C1DD8945-028C-468D-A1BB-F6B27D385A60} = {818EEC49-F993-49C2-9173-BAC402CC4088}
		{FCCC2605-08F9-4EF5-9AC4-852B5C68F2DB} = {C1DD8945-028C-468D-A1BB-F6B27D385A60}
		{FEEBC4B2-5E6E-4D45-85B6-52D32B257C44} = {818EEC49-F993-49C2-9173-BAC402CC4088}
		{73265088-169F-4E5A-B68A-31C7E5F7FF90} = {FEEBC4B2-5E6E-4D45-85B6-52D32B257C44}
		{40420442-B258-4B2D-BAE3-FB4E223D69C0} = {8A5196F0-F4C9-48C4-926F-4096D1A260B5}
	EndGlobalSection
	GlobalSection(ExtensibilityGlobals) = postSolution
		EnterpriseLibraryConfigurationToolBinariesPathV6 = packages\EnterpriseLibrary.Common.6.0.1304.0\lib\NET45;packages\EnterpriseLibrary.TransientFaultHandling.6.0.1304.0\lib\portable-net45+win+wp8;packages\EnterpriseLibrary.TransientFaultHandling.Caching.6.0.1304.0\lib\NET45;packages\EnterpriseLibrary.TransientFaultHandling.Data.6.0.1304.1\lib\NET45;packages\EnterpriseLibrary.TransientFaultHandling.ServiceBus.6.0.1304.0\lib\NET45;packages\EnterpriseLibrary.TransientFaultHandling.WindowsAzure.Storage.6.0.1304.0\lib\NET45;packages\EnterpriseLibrary.TransientFaultHandling.Configuration.6.0.1304.0\lib\NET45
		SolutionGuid = {58D0C986-605C-4C8F-8F7A-6CBDD541568B}
	EndGlobalSection
EndGlobal
